
Microsoft Visual Studio Solution File, Format Version 12.00
# Visual Studio Version 17
VisualStudioVersion = 17.3.32929.385
MinimumVisualStudioVersion = 10.0.40219.1
Project("{9A19103F-16F7-4668-BE54-9A1E7A4F7556}") = "DataAccess", "DataAccess\DataAccess.csproj", "{DA575684-2511-40D6-A047-15C72EBBB7CE}"
EndProject
Project("{9A19103F-16F7-4668-BE54-9A1E7A4F7556}") = "BusinessObject", "BusinessObject\BusinessObject.csproj", "{543BE882-E486-4AFF-9F3C-9FE24967395E}"
EndProject
Project("{9A19103F-16F7-4668-BE54-9A1E7A4F7556}") = "SalesWinApp", "SalesWinApp\SalesWinApp.csproj", "{027D36CC-EFC0-4D06-9443-614F07D8D3AB}"
EndProject
Global
	GlobalSection(SolutionConfigurationPlatforms) = preSolution
		Debug|Any CPU = Debug|Any CPU
		Release|Any CPU = Release|Any CPU
	EndGlobalSection
	GlobalSection(ProjectConfigurationPlatforms) = postSolution
		{DA575684-2511-40D6-A047-15C72EBBB7CE}.Debug|Any CPU.ActiveCfg = Debug|Any CPU
		{DA575684-2511-40D6-A047-15C72EBBB7CE}.Debug|Any CPU.Build.0 = Debug|Any CPU
		{DA575684-2511-40D6-A047-15C72EBBB7CE}.Release|Any CPU.ActiveCfg = Release|Any CPU
		{DA575684-2511-40D6-A047-15C72EBBB7CE}.Release|Any CPU.Build.0 = Release|Any CPU
		{543BE882-E486-4AFF-9F3C-9FE24967395E}.Debug|Any CPU.ActiveCfg = Debug|Any CPU
		{543BE882-E486-4AFF-9F3C-9FE24967395E}.Debug|Any CPU.Build.0 = Debug|Any CPU
		{543BE882-E486-4AFF-9F3C-9FE24967395E}.Release|Any CPU.ActiveCfg = Release|Any CPU
		{543BE882-E486-4AFF-9F3C-9FE24967395E}.Release|Any CPU.Build.0 = Release|Any CPU
		{027D36CC-EFC0-4D06-9443-614F07D8D3AB}.Debug|Any CPU.ActiveCfg = Debug|Any CPU
		{027D36CC-EFC0-4D06-9443-614F07D8D3AB}.Debug|Any CPU.Build.0 = Debug|Any CPU
		{027D36CC-EFC0-4D06-9443-614F07D8D3AB}.Release|Any CPU.ActiveCfg = Release|Any CPU
		{027D36CC-EFC0-4D06-9443-614F07D8D3AB}.Release|Any CPU.Build.0 = Release|Any CPU
	EndGlobalSection
	GlobalSection(SolutionProperties) = preSolution
		HideSolutionNode = FALSE
	EndGlobalSection
	GlobalSection(ExtensibilityGlobals) = postSolution
		SolutionGuid = {724ED405-F117-4B94-AA2B-F6231EB46769}
	EndGlobalSection
EndGlobal
