
Microsoft Visual Studio Solution File, Format Version 12.00
# Visual Studio Version 17
VisualStudioVersion = 17.3.32929.385
MinimumVisualStudioVersion = 10.0.40219.1
Project("{9A19103F-16F7-4668-BE54-9A1E7A4F7556}") = "GUI", "treelayer3view\GUI.csproj", "{F5B340C1-1B19-44B0-AA19-81B947D9A650}"
EndProject
Project("{9A19103F-16F7-4668-BE54-9A1E7A4F7556}") = "DTO", "DTO\DTO.csproj", "{440760CF-C829-46A5-BA37-61E9F0772EE6}"
EndProject
Project("{9A19103F-16F7-4668-BE54-9A1E7A4F7556}") = "DAL", "DAL\DAL.csproj", "{9583E926-AD31-47D9-B6A4-3A1374F3745C}"
EndProject
Project("{9A19103F-16F7-4668-BE54-9A1E7A4F7556}") = "BLL", "BLL\BLL.csproj", "{280C5DCC-8E88-4D99-9014-9158F928825D}"
EndProject
Global
	GlobalSection(SolutionConfigurationPlatforms) = preSolution
		Debug|Any CPU = Debug|Any CPU
		Release|Any CPU = Release|Any CPU
	EndGlobalSection
	GlobalSection(ProjectConfigurationPlatforms) = postSolution
		{F5B340C1-1B19-44B0-AA19-81B947D9A650}.Debug|Any CPU.ActiveCfg = Debug|Any CPU
		{F5B340C1-1B19-44B0-AA19-81B947D9A650}.Debug|Any CPU.Build.0 = Debug|Any CPU
		{F5B340C1-1B19-44B0-AA19-81B947D9A650}.Release|Any CPU.ActiveCfg = Release|Any CPU
		{F5B340C1-1B19-44B0-AA19-81B947D9A650}.Release|Any CPU.Build.0 = Release|Any CPU
		{440760CF-C829-46A5-BA37-61E9F0772EE6}.Debug|Any CPU.ActiveCfg = Debug|Any CPU
		{440760CF-C829-46A5-BA37-61E9F0772EE6}.Debug|Any CPU.Build.0 = Debug|Any CPU
		{440760CF-C829-46A5-BA37-61E9F0772EE6}.Release|Any CPU.ActiveCfg = Release|Any CPU
		{440760CF-C829-46A5-BA37-61E9F0772EE6}.Release|Any CPU.Build.0 = Release|Any CPU
		{9583E926-AD31-47D9-B6A4-3A1374F3745C}.Debug|Any CPU.ActiveCfg = Debug|Any CPU
		{9583E926-AD31-47D9-B6A4-3A1374F3745C}.Debug|Any CPU.Build.0 = Debug|Any CPU
		{9583E926-AD31-47D9-B6A4-3A1374F3745C}.Release|Any CPU.ActiveCfg = Release|Any CPU
		{9583E926-AD31-47D9-B6A4-3A1374F3745C}.Release|Any CPU.Build.0 = Release|Any CPU
		{280C5DCC-8E88-4D99-9014-9158F928825D}.Debug|Any CPU.ActiveCfg = Debug|Any CPU
		{280C5DCC-8E88-4D99-9014-9158F928825D}.Debug|Any CPU.Build.0 = Debug|Any CPU
		{280C5DCC-8E88-4D99-9014-9158F928825D}.Release|Any CPU.ActiveCfg = Release|Any CPU
		{280C5DCC-8E88-4D99-9014-9158F928825D}.Release|Any CPU.Build.0 = Release|Any CPU
	EndGlobalSection
	GlobalSection(SolutionProperties) = preSolution
		HideSolutionNode = FALSE
	EndGlobalSection
	GlobalSection(ExtensibilityGlobals) = postSolution
		SolutionGuid = {7AC9F32E-AB90-48D4-9CB9-7B2F3E2C1125}
	EndGlobalSection
EndGlobal
