
Microsoft Visual Studio Solution File, Format Version 12.00
# Visual Studio Version 17
VisualStudioVersion = 17.3.32929.385
MinimumVisualStudioVersion = 10.0.40219.1
Project("{9A19103F-16F7-4668-BE54-9A1E7A4F7556}") = "AutomobileLibrary", "AutomobileLibrary\AutomobileLibrary.csproj", "{6CF2786A-4F0D-40FD-A001-363EF11465B2}"
EndProject
Project("{9A19103F-16F7-4668-BE54-9A1E7A4F7556}") = "AutomobileWPFApp", "WpfApp1\AutomobileWPFApp.csproj", "{5A8DAD64-3CBD-4EF4-9A4A-A376CC76570B}"
EndProject
Global
	GlobalSection(SolutionConfigurationPlatforms) = preSolution
		Debug|Any CPU = Debug|Any CPU
		Release|Any CPU = Release|Any CPU
	EndGlobalSection
	GlobalSection(ProjectConfigurationPlatforms) = postSolution
		{6CF2786A-4F0D-40FD-A001-363EF11465B2}.Debug|Any CPU.ActiveCfg = Debug|Any CPU
		{6CF2786A-4F0D-40FD-A001-363EF11465B2}.Debug|Any CPU.Build.0 = Debug|Any CPU
		{6CF2786A-4F0D-40FD-A001-363EF11465B2}.Release|Any CPU.ActiveCfg = Release|Any CPU
		{6CF2786A-4F0D-40FD-A001-363EF11465B2}.Release|Any CPU.Build.0 = Release|Any CPU
		{5A8DAD64-3CBD-4EF4-9A4A-A376CC76570B}.Debug|Any CPU.ActiveCfg = Debug|Any CPU
		{5A8DAD64-3CBD-4EF4-9A4A-A376CC76570B}.Debug|Any CPU.Build.0 = Debug|Any CPU
		{5A8DAD64-3CBD-4EF4-9A4A-A376CC76570B}.Release|Any CPU.ActiveCfg = Release|Any CPU
		{5A8DAD64-3CBD-4EF4-9A4A-A376CC76570B}.Release|Any CPU.Build.0 = Release|Any CPU
	EndGlobalSection
	GlobalSection(SolutionProperties) = preSolution
		HideSolutionNode = FALSE
	EndGlobalSection
	GlobalSection(ExtensibilityGlobals) = postSolution
		SolutionGuid = {5C347B1E-DDEC-4844-9377-4A838075C034}
	EndGlobalSection
EndGlobal
